// !$*UTF8*$!
{
	archiveVersion = 1;
	classes = {
	};
	objectVersion = 56;
	objects = {

/* Begin PBXBuildFile section */
		EB0B1FD22C8C71650059D146 /* AppDelegate.swift in Sources */ = {isa = PBXBuildFile; fileRef = EB0B1FD12C8C71650059D146 /* AppDelegate.swift */; };
		EB0B1FD42C8C71650059D146 /* SceneDelegate.swift in Sources */ = {isa = PBXBuildFile; fileRef = EB0B1FD32C8C71650059D146 /* SceneDelegate.swift */; };
		EB0B1FDB2C8C71660059D146 /* Assets.xcassets in Resources */ = {isa = PBXBuildFile; fileRef = EB0B1FDA2C8C71660059D146 /* Assets.xcassets */; };
		EB0B1FDE2C8C71660059D146 /* Base in Resources */ = {isa = PBXBuildFile; fileRef = EB0B1FDD2C8C71660059D146 /* Base */; };
		EB0B20142C8C77C60059D146 /* ImageSearchAssembly.swift in Sources */ = {isa = PBXBuildFile; fileRef = EB0B20132C8C77C60059D146 /* ImageSearchAssembly.swift */; };
		EB0B20162C8C77F20059D146 /* ImageSearchViewController.swift in Sources */ = {isa = PBXBuildFile; fileRef = EB0B20152C8C77F20059D146 /* ImageSearchViewController.swift */; };
		EB0B20182C8C79000059D146 /* SearchResultCell.swift in Sources */ = {isa = PBXBuildFile; fileRef = EB0B20172C8C79000059D146 /* SearchResultCell.swift */; };
		EB0B201A2C8C79100059D146 /* ImageSearchView.swift in Sources */ = {isa = PBXBuildFile; fileRef = EB0B20192C8C79100059D146 /* ImageSearchView.swift */; };
		EB0B20222C8C817B0059D146 /* APIResponse.swift in Sources */ = {isa = PBXBuildFile; fileRef = EB0B201E2C8C817B0059D146 /* APIResponse.swift */; };
		EB0B20232C8C817B0059D146 /* NetworkService.swift in Sources */ = {isa = PBXBuildFile; fileRef = EB0B201F2C8C817B0059D146 /* NetworkService.swift */; };
		EB0B20242C8C817B0059D146 /* DownloadService.swift in Sources */ = {isa = PBXBuildFile; fileRef = EB0B20202C8C817B0059D146 /* DownloadService.swift */; };
		EB0B20252C8C817B0059D146 /* DownloadItem.swift in Sources */ = {isa = PBXBuildFile; fileRef = EB0B20212C8C817B0059D146 /* DownloadItem.swift */; };
		EB0B202A2C8C92E00059D146 /* NetworkError.swift in Sources */ = {isa = PBXBuildFile; fileRef = EB0B20272C8C92E00059D146 /* NetworkError.swift */; };
		EB0B202B2C8C92E00059D146 /* CommonError.swift in Sources */ = {isa = PBXBuildFile; fileRef = EB0B20282C8C92E00059D146 /* CommonError.swift */; };
		EB0B202C2C8C92E00059D146 /* Notifier.swift in Sources */ = {isa = PBXBuildFile; fileRef = EB0B20292C8C92E00059D146 /* Notifier.swift */; };
		EB0B202E2C8C95720059D146 /* ImageSearchInteractor.swift in Sources */ = {isa = PBXBuildFile; fileRef = EB0B202D2C8C95720059D146 /* ImageSearchInteractor.swift */; };
		EB0B20302C8C958F0059D146 /* ImageSearchPresenter.swift in Sources */ = {isa = PBXBuildFile; fileRef = EB0B202F2C8C958F0059D146 /* ImageSearchPresenter.swift */; };
		EB0B20322C8C95B80059D146 /* SearchResultImageDTO.swift in Sources */ = {isa = PBXBuildFile; fileRef = EB0B20312C8C95B80059D146 /* SearchResultImageDTO.swift */; };
		EB0B20342C8C99700059D146 /* ImageSearchRouter.swift in Sources */ = {isa = PBXBuildFile; fileRef = EB0B20332C8C99700059D146 /* ImageSearchRouter.swift */; };
		EB7329A42C903B5B00767A9F /* ImageDetailsAssembly.swift in Sources */ = {isa = PBXBuildFile; fileRef = EB7329A32C903B5B00767A9F /* ImageDetailsAssembly.swift */; };
		EB7329A62C903B9800767A9F /* ImageDeatilsView.swift in Sources */ = {isa = PBXBuildFile; fileRef = EB7329A52C903B9800767A9F /* ImageDeatilsView.swift */; };
		EB7329A82C903BA300767A9F /* ImageDeatilsViewController.swift in Sources */ = {isa = PBXBuildFile; fileRef = EB7329A72C903BA300767A9F /* ImageDeatilsViewController.swift */; };
		EB7329B22C906BEC00767A9F /* CoreDataService.swift in Sources */ = {isa = PBXBuildFile; fileRef = EB7329B12C906BEC00767A9F /* CoreDataService.swift */; };
		EB7329BC2C906E7A00767A9F /* UnsplashSearchClient.xcdatamodeld in Sources */ = {isa = PBXBuildFile; fileRef = EB7329BA2C906E7A00767A9F /* UnsplashSearchClient.xcdatamodeld */; };
		EB7329C52C9070DA00767A9F /* ImageEntity+CoreDataClass.swift in Sources */ = {isa = PBXBuildFile; fileRef = EB7329C32C9070DA00767A9F /* ImageEntity+CoreDataClass.swift */; };
		EB7329C62C9070DA00767A9F /* ImageEntity+CoreDataProperties.swift in Sources */ = {isa = PBXBuildFile; fileRef = EB7329C42C9070DA00767A9F /* ImageEntity+CoreDataProperties.swift */; };
		EB7329C82C907F6E00767A9F /* GalleryImageViewModel.swift in Sources */ = {isa = PBXBuildFile; fileRef = EB7329C72C907F6E00767A9F /* GalleryImageViewModel.swift */; };
		EB7329CA2C908DB500767A9F /* ImageGalleryAssembly.swift in Sources */ = {isa = PBXBuildFile; fileRef = EB7329C92C908DB500767A9F /* ImageGalleryAssembly.swift */; };
		EB7329CC2C908E0D00767A9F /* ImagesGalleryViewController.swift in Sources */ = {isa = PBXBuildFile; fileRef = EB7329CB2C908E0D00767A9F /* ImagesGalleryViewController.swift */; };
		EB7329CE2C908E6F00767A9F /* ImagesGalleryView.swift in Sources */ = {isa = PBXBuildFile; fileRef = EB7329CD2C908E6F00767A9F /* ImagesGalleryView.swift */; };
		EB7329D02C908E9300767A9F /* ImagesGalleryCell.swift in Sources */ = {isa = PBXBuildFile; fileRef = EB7329CF2C908E9300767A9F /* ImagesGalleryCell.swift */; };
		EB7329D22C90902D00767A9F /* ImagesGalleryInteractor.swift in Sources */ = {isa = PBXBuildFile; fileRef = EB7329D12C90902D00767A9F /* ImagesGalleryInteractor.swift */; };
		EB7329D42C90904C00767A9F /* ImagesGalleryPresenter.swift in Sources */ = {isa = PBXBuildFile; fileRef = EB7329D32C90904C00767A9F /* ImagesGalleryPresenter.swift */; };
		EB7329D62C90907A00767A9F /* ImagesGalleryRouter.swift in Sources */ = {isa = PBXBuildFile; fileRef = EB7329D52C90907A00767A9F /* ImagesGalleryRouter.swift */; };
		EB7329D92C90B46E00767A9F /* ImageDetailsViewModel.swift in Sources */ = {isa = PBXBuildFile; fileRef = EB7329D82C90B46E00767A9F /* ImageDetailsViewModel.swift */; };
		EBAEF0B92C918A0E00D51F3B /* SectionHeader.swift in Sources */ = {isa = PBXBuildFile; fileRef = EBAEF0B82C918A0E00D51F3B /* SectionHeader.swift */; };
		EBAEF0BC2C91D9F700D51F3B /* Date+Formatter.swift in Sources */ = {isa = PBXBuildFile; fileRef = EBAEF0BB2C91D9F700D51F3B /* Date+Formatter.swift */; };
/* End PBXBuildFile section */

/* Begin PBXFileReference section */
		EB0B1FCE2C8C71650059D146 /* UnsplashSearchClient.app */ = {isa = PBXFileReference; explicitFileType = wrapper.application; includeInIndex = 0; path = UnsplashSearchClient.app; sourceTree = BUILT_PRODUCTS_DIR; };
		EB0B1FD12C8C71650059D146 /* AppDelegate.swift */ = {isa = PBXFileReference; lastKnownFileType = sourcecode.swift; path = AppDelegate.swift; sourceTree = "<group>"; };
		EB0B1FD32C8C71650059D146 /* SceneDelegate.swift */ = {isa = PBXFileReference; lastKnownFileType = sourcecode.swift; path = SceneDelegate.swift; sourceTree = "<group>"; };
		EB0B1FDA2C8C71660059D146 /* Assets.xcassets */ = {isa = PBXFileReference; lastKnownFileType = folder.assetcatalog; path = Assets.xcassets; sourceTree = "<group>"; };
		EB0B1FDD2C8C71660059D146 /* Base */ = {isa = PBXFileReference; lastKnownFileType = file.storyboard; name = Base; path = Base.lproj/LaunchScreen.storyboard; sourceTree = "<group>"; };
		EB0B1FDF2C8C71660059D146 /* Info.plist */ = {isa = PBXFileReference; lastKnownFileType = text.plist.xml; path = Info.plist; sourceTree = "<group>"; };
		EB0B20132C8C77C60059D146 /* ImageSearchAssembly.swift */ = {isa = PBXFileReference; lastKnownFileType = sourcecode.swift; path = ImageSearchAssembly.swift; sourceTree = "<group>"; };
		EB0B20152C8C77F20059D146 /* ImageSearchViewController.swift */ = {isa = PBXFileReference; lastKnownFileType = sourcecode.swift; path = ImageSearchViewController.swift; sourceTree = "<group>"; };
		EB0B20172C8C79000059D146 /* SearchResultCell.swift */ = {isa = PBXFileReference; lastKnownFileType = sourcecode.swift; path = SearchResultCell.swift; sourceTree = "<group>"; };
		EB0B20192C8C79100059D146 /* ImageSearchView.swift */ = {isa = PBXFileReference; lastKnownFileType = sourcecode.swift; path = ImageSearchView.swift; sourceTree = "<group>"; };
		EB0B201E2C8C817B0059D146 /* APIResponse.swift */ = {isa = PBXFileReference; fileEncoding = 4; lastKnownFileType = sourcecode.swift; path = APIResponse.swift; sourceTree = "<group>"; };
		EB0B201F2C8C817B0059D146 /* NetworkService.swift */ = {isa = PBXFileReference; fileEncoding = 4; lastKnownFileType = sourcecode.swift; path = NetworkService.swift; sourceTree = "<group>"; };
		EB0B20202C8C817B0059D146 /* DownloadService.swift */ = {isa = PBXFileReference; fileEncoding = 4; lastKnownFileType = sourcecode.swift; path = DownloadService.swift; sourceTree = "<group>"; };
		EB0B20212C8C817B0059D146 /* DownloadItem.swift */ = {isa = PBXFileReference; fileEncoding = 4; lastKnownFileType = sourcecode.swift; path = DownloadItem.swift; sourceTree = "<group>"; };
		EB0B20272C8C92E00059D146 /* NetworkError.swift */ = {isa = PBXFileReference; fileEncoding = 4; lastKnownFileType = sourcecode.swift; path = NetworkError.swift; sourceTree = "<group>"; };
		EB0B20282C8C92E00059D146 /* CommonError.swift */ = {isa = PBXFileReference; fileEncoding = 4; lastKnownFileType = sourcecode.swift; path = CommonError.swift; sourceTree = "<group>"; };
		EB0B20292C8C92E00059D146 /* Notifier.swift */ = {isa = PBXFileReference; fileEncoding = 4; lastKnownFileType = sourcecode.swift; path = Notifier.swift; sourceTree = "<group>"; };
		EB0B202D2C8C95720059D146 /* ImageSearchInteractor.swift */ = {isa = PBXFileReference; lastKnownFileType = sourcecode.swift; path = ImageSearchInteractor.swift; sourceTree = "<group>"; };
		EB0B202F2C8C958F0059D146 /* ImageSearchPresenter.swift */ = {isa = PBXFileReference; lastKnownFileType = sourcecode.swift; path = ImageSearchPresenter.swift; sourceTree = "<group>"; };
		EB0B20312C8C95B80059D146 /* SearchResultImageDTO.swift */ = {isa = PBXFileReference; lastKnownFileType = sourcecode.swift; path = SearchResultImageDTO.swift; sourceTree = "<group>"; };
		EB0B20332C8C99700059D146 /* ImageSearchRouter.swift */ = {isa = PBXFileReference; lastKnownFileType = sourcecode.swift; path = ImageSearchRouter.swift; sourceTree = "<group>"; };
		EB7329A32C903B5B00767A9F /* ImageDetailsAssembly.swift */ = {isa = PBXFileReference; lastKnownFileType = sourcecode.swift; path = ImageDetailsAssembly.swift; sourceTree = "<group>"; };
		EB7329A52C903B9800767A9F /* ImageDeatilsView.swift */ = {isa = PBXFileReference; lastKnownFileType = sourcecode.swift; path = ImageDeatilsView.swift; sourceTree = "<group>"; };
		EB7329A72C903BA300767A9F /* ImageDeatilsViewController.swift */ = {isa = PBXFileReference; lastKnownFileType = sourcecode.swift; path = ImageDeatilsViewController.swift; sourceTree = "<group>"; };
		EB7329B12C906BEC00767A9F /* CoreDataService.swift */ = {isa = PBXFileReference; lastKnownFileType = sourcecode.swift; path = CoreDataService.swift; sourceTree = "<group>"; };
		EB7329BB2C906E7A00767A9F /* UnsplashSearchClient.xcdatamodel */ = {isa = PBXFileReference; lastKnownFileType = wrapper.xcdatamodel; path = UnsplashSearchClient.xcdatamodel; sourceTree = "<group>"; };
		EB7329C32C9070DA00767A9F /* ImageEntity+CoreDataClass.swift */ = {isa = PBXFileReference; lastKnownFileType = sourcecode.swift; path = "ImageEntity+CoreDataClass.swift"; sourceTree = "<group>"; };
		EB7329C42C9070DA00767A9F /* ImageEntity+CoreDataProperties.swift */ = {isa = PBXFileReference; lastKnownFileType = sourcecode.swift; path = "ImageEntity+CoreDataProperties.swift"; sourceTree = "<group>"; };
		EB7329C72C907F6E00767A9F /* GalleryImageViewModel.swift */ = {isa = PBXFileReference; fileEncoding = 4; lastKnownFileType = sourcecode.swift; path = GalleryImageViewModel.swift; sourceTree = "<group>"; };
		EB7329C92C908DB500767A9F /* ImageGalleryAssembly.swift */ = {isa = PBXFileReference; lastKnownFileType = sourcecode.swift; path = ImageGalleryAssembly.swift; sourceTree = "<group>"; };
		EB7329CB2C908E0D00767A9F /* ImagesGalleryViewController.swift */ = {isa = PBXFileReference; lastKnownFileType = sourcecode.swift; path = ImagesGalleryViewController.swift; sourceTree = "<group>"; };
		EB7329CD2C908E6F00767A9F /* ImagesGalleryView.swift */ = {isa = PBXFileReference; lastKnownFileType = sourcecode.swift; path = ImagesGalleryView.swift; sourceTree = "<group>"; };
		EB7329CF2C908E9300767A9F /* ImagesGalleryCell.swift */ = {isa = PBXFileReference; lastKnownFileType = sourcecode.swift; path = ImagesGalleryCell.swift; sourceTree = "<group>"; };
		EB7329D12C90902D00767A9F /* ImagesGalleryInteractor.swift */ = {isa = PBXFileReference; lastKnownFileType = sourcecode.swift; path = ImagesGalleryInteractor.swift; sourceTree = "<group>"; };
		EB7329D32C90904C00767A9F /* ImagesGalleryPresenter.swift */ = {isa = PBXFileReference; lastKnownFileType = sourcecode.swift; path = ImagesGalleryPresenter.swift; sourceTree = "<group>"; };
		EB7329D52C90907A00767A9F /* ImagesGalleryRouter.swift */ = {isa = PBXFileReference; lastKnownFileType = sourcecode.swift; path = ImagesGalleryRouter.swift; sourceTree = "<group>"; };
		EB7329D82C90B46E00767A9F /* ImageDetailsViewModel.swift */ = {isa = PBXFileReference; lastKnownFileType = sourcecode.swift; path = ImageDetailsViewModel.swift; sourceTree = "<group>"; };
		EBAEF0B82C918A0E00D51F3B /* SectionHeader.swift */ = {isa = PBXFileReference; lastKnownFileType = sourcecode.swift; path = SectionHeader.swift; sourceTree = "<group>"; };
		EBAEF0BB2C91D9F700D51F3B /* Date+Formatter.swift */ = {isa = PBXFileReference; lastKnownFileType = sourcecode.swift; path = "Date+Formatter.swift"; sourceTree = "<group>"; };
/* End PBXFileReference section */

/* Begin PBXFrameworksBuildPhase section */
		EB0B1FCB2C8C71650059D146 /* Frameworks */ = {
			isa = PBXFrameworksBuildPhase;
			buildActionMask = 2147483647;
			files = (
			);
			runOnlyForDeploymentPostprocessing = 0;
		};
/* End PBXFrameworksBuildPhase section */

/* Begin PBXGroup section */
		EB0B1FC52C8C71640059D146 = {
			isa = PBXGroup;
			children = (
				EB0B1FD02C8C71650059D146 /* UnsplashSearchClient */,
				EB0B1FCF2C8C71650059D146 /* Products */,
			);
			sourceTree = "<group>";
		};
		EB0B1FCF2C8C71650059D146 /* Products */ = {
			isa = PBXGroup;
			children = (
				EB0B1FCE2C8C71650059D146 /* UnsplashSearchClient.app */,
			);
			name = Products;
			sourceTree = "<group>";
		};
		EB0B1FD02C8C71650059D146 /* UnsplashSearchClient */ = {
			isa = PBXGroup;
			children = (
				EBAEF0BA2C91D9DF00D51F3B /* Common */,
				EB7329B02C906BD800767A9F /* Storage */,
				EB0B20262C8C92A30059D146 /* Errors */,
				EB0B20012C8C737B0059D146 /* App */,
				EB0B20032C8C76AF0059D146 /* Network */,
				EB0B20022C8C76A20059D146 /* Scenes */,
				EB0B1FDF2C8C71660059D146 /* Info.plist */,
			);
			path = UnsplashSearchClient;
			sourceTree = "<group>";
		};
		EB0B20012C8C737B0059D146 /* App */ = {
			isa = PBXGroup;
			children = (
				EB0B1FDC2C8C71660059D146 /* LaunchScreen.storyboard */,
				EB0B1FDA2C8C71660059D146 /* Assets.xcassets */,
				EB0B1FD32C8C71650059D146 /* SceneDelegate.swift */,
				EB0B1FD12C8C71650059D146 /* AppDelegate.swift */,
			);
			path = App;
			sourceTree = "<group>";
		};
		EB0B20022C8C76A20059D146 /* Scenes */ = {
			isa = PBXGroup;
			children = (
				EB0B20052C8C77040059D146 /* ImageSearch */,
				EB0B20042C8C76E20059D146 /* ImageDetails */,
				EB7329B32C906C8600767A9F /* ImagesGallery */,
			);
			path = Scenes;
			sourceTree = "<group>";
		};
		EB0B20032C8C76AF0059D146 /* Network */ = {
			isa = PBXGroup;
			children = (
				EB0B201E2C8C817B0059D146 /* APIResponse.swift */,
				EB0B20212C8C817B0059D146 /* DownloadItem.swift */,
				EB0B20202C8C817B0059D146 /* DownloadService.swift */,
				EB0B201F2C8C817B0059D146 /* NetworkService.swift */,
			);
			path = Network;
			sourceTree = "<group>";
		};
		EB0B20042C8C76E20059D146 /* ImageDetails */ = {
			isa = PBXGroup;
			children = (
				EB0B200B2C8C77530059D146 /* Assembly */,
				EB0B200A2C8C774B0059D146 /* View */,
				EB7329D72C90B42400767A9F /* Entities */,
			);
			path = ImageDetails;
			sourceTree = "<group>";
		};
		EB0B20052C8C77040059D146 /* ImageSearch */ = {
			isa = PBXGroup;
			children = (
				EB0B20112C8C778E0059D146 /* Assembly */,
				EB0B20102C8C77880059D146 /* View */,
				EB0B200F2C8C77800059D146 /* Interactor */,
				EB0B200E2C8C77770059D146 /* Presenter */,
				EB0B200D2C8C776F0059D146 /* Entities */,
				EB0B200C2C8C776A0059D146 /* Router */,
			);
			path = ImageSearch;
			sourceTree = "<group>";
		};
		EB0B200A2C8C774B0059D146 /* View */ = {
			isa = PBXGroup;
			children = (
				EB7329A52C903B9800767A9F /* ImageDeatilsView.swift */,
				EB7329A72C903BA300767A9F /* ImageDeatilsViewController.swift */,
			);
			path = View;
			sourceTree = "<group>";
		};
		EB0B200B2C8C77530059D146 /* Assembly */ = {
			isa = PBXGroup;
			children = (
				EB7329A32C903B5B00767A9F /* ImageDetailsAssembly.swift */,
			);
			path = Assembly;
			sourceTree = "<group>";
		};
		EB0B200C2C8C776A0059D146 /* Router */ = {
			isa = PBXGroup;
			children = (
				EB0B20332C8C99700059D146 /* ImageSearchRouter.swift */,
			);
			path = Router;
			sourceTree = "<group>";
		};
		EB0B200D2C8C776F0059D146 /* Entities */ = {
			isa = PBXGroup;
			children = (
				EB0B20312C8C95B80059D146 /* SearchResultImageDTO.swift */,
			);
			path = Entities;
			sourceTree = "<group>";
		};
		EB0B200E2C8C77770059D146 /* Presenter */ = {
			isa = PBXGroup;
			children = (
				EB0B202F2C8C958F0059D146 /* ImageSearchPresenter.swift */,
			);
			path = Presenter;
			sourceTree = "<group>";
		};
		EB0B200F2C8C77800059D146 /* Interactor */ = {
			isa = PBXGroup;
			children = (
				EB0B202D2C8C95720059D146 /* ImageSearchInteractor.swift */,
			);
			path = Interactor;
			sourceTree = "<group>";
		};
		EB0B20102C8C77880059D146 /* View */ = {
			isa = PBXGroup;
			children = (
				EB0B20152C8C77F20059D146 /* ImageSearchViewController.swift */,
				EB0B20192C8C79100059D146 /* ImageSearchView.swift */,
				EB0B20172C8C79000059D146 /* SearchResultCell.swift */,
			);
			path = View;
			sourceTree = "<group>";
		};
		EB0B20112C8C778E0059D146 /* Assembly */ = {
			isa = PBXGroup;
			children = (
				EB0B20132C8C77C60059D146 /* ImageSearchAssembly.swift */,
			);
			path = Assembly;
			sourceTree = "<group>";
		};
		EB0B20262C8C92A30059D146 /* Errors */ = {
			isa = PBXGroup;
			children = (
				EB0B20282C8C92E00059D146 /* CommonError.swift */,
				EB0B20272C8C92E00059D146 /* NetworkError.swift */,
				EB0B20292C8C92E00059D146 /* Notifier.swift */,
			);
			path = Errors;
			sourceTree = "<group>";
		};
		EB7329B02C906BD800767A9F /* Storage */ = {
			isa = PBXGroup;
			children = (
				EB7329C32C9070DA00767A9F /* ImageEntity+CoreDataClass.swift */,
				EB7329C42C9070DA00767A9F /* ImageEntity+CoreDataProperties.swift */,
				EB7329B12C906BEC00767A9F /* CoreDataService.swift */,
				EB7329BA2C906E7A00767A9F /* UnsplashSearchClient.xcdatamodeld */,
			);
			path = Storage;
			sourceTree = "<group>";
		};
		EB7329B32C906C8600767A9F /* ImagesGallery */ = {
			isa = PBXGroup;
			children = (
				EB7329B92C906D3500767A9F /* Assembly */,
				EB7329B82C906CEA00767A9F /* View */,
				EB7329B72C906CD400767A9F /* Interactor */,
				EB7329B62C906CB500767A9F /* Presenter */,
				EB7329B52C906CAC00767A9F /* Entities */,
				EB7329B42C906CA300767A9F /* Router */,
			);
			path = ImagesGallery;
			sourceTree = "<group>";
		};
		EB7329B42C906CA300767A9F /* Router */ = {
			isa = PBXGroup;
			children = (
				EB7329D52C90907A00767A9F /* ImagesGalleryRouter.swift */,
			);
			path = Router;
			sourceTree = "<group>";
		};
		EB7329B52C906CAC00767A9F /* Entities */ = {
			isa = PBXGroup;
			children = (
				EB7329C72C907F6E00767A9F /* GalleryImageViewModel.swift */,
			);
			path = Entities;
			sourceTree = "<group>";
		};
		EB7329B62C906CB500767A9F /* Presenter */ = {
			isa = PBXGroup;
			children = (
				EB7329D32C90904C00767A9F /* ImagesGalleryPresenter.swift */,
			);
			path = Presenter;
			sourceTree = "<group>";
		};
		EB7329B72C906CD400767A9F /* Interactor */ = {
			isa = PBXGroup;
			children = (
				EB7329D12C90902D00767A9F /* ImagesGalleryInteractor.swift */,
			);
			path = Interactor;
			sourceTree = "<group>";
		};
		EB7329B82C906CEA00767A9F /* View */ = {
			isa = PBXGroup;
			children = (
				EB7329CB2C908E0D00767A9F /* ImagesGalleryViewController.swift */,
				EB7329CD2C908E6F00767A9F /* ImagesGalleryView.swift */,
				EB7329CF2C908E9300767A9F /* ImagesGalleryCell.swift */,
				EBAEF0B82C918A0E00D51F3B /* SectionHeader.swift */,
			);
			path = View;
			sourceTree = "<group>";
		};
		EB7329B92C906D3500767A9F /* Assembly */ = {
			isa = PBXGroup;
			children = (
				EB7329C92C908DB500767A9F /* ImageGalleryAssembly.swift */,
			);
			path = Assembly;
			sourceTree = "<group>";
		};
		EB7329D72C90B42400767A9F /* Entities */ = {
			isa = PBXGroup;
			children = (
				EB7329D82C90B46E00767A9F /* ImageDetailsViewModel.swift */,
			);
			path = Entities;
			sourceTree = "<group>";
		};
		EBAEF0BA2C91D9DF00D51F3B /* Common */ = {
			isa = PBXGroup;
			children = (
				EBAEF0BB2C91D9F700D51F3B /* Date+Formatter.swift */,
			);
			path = Common;
			sourceTree = "<group>";
		};
/* End PBXGroup section */

/* Begin PBXNativeTarget section */
		EB0B1FCD2C8C71650059D146 /* UnsplashSearchClient */ = {
			isa = PBXNativeTarget;
			buildConfigurationList = EB0B1FF82C8C71660059D146 /* Build configuration list for PBXNativeTarget "UnsplashSearchClient" */;
			buildPhases = (
				EB0B1FCA2C8C71650059D146 /* Sources */,
				EB0B1FCB2C8C71650059D146 /* Frameworks */,
				EB0B1FCC2C8C71650059D146 /* Resources */,
			);
			buildRules = (
			);
			dependencies = (
			);
			name = UnsplashSearchClient;
			productName = UnsplashSearchClient;
			productReference = EB0B1FCE2C8C71650059D146 /* UnsplashSearchClient.app */;
			productType = "com.apple.product-type.application";
		};
/* End PBXNativeTarget section */

/* Begin PBXProject section */
		EB0B1FC62C8C71640059D146 /* Project object */ = {
			isa = PBXProject;
			attributes = {
				BuildIndependentTargetsInParallel = 1;
				LastSwiftUpdateCheck = 1540;
				LastUpgradeCheck = 1540;
				TargetAttributes = {
					EB0B1FCD2C8C71650059D146 = {
						CreatedOnToolsVersion = 15.4;
					};
				};
			};
			buildConfigurationList = EB0B1FC92C8C71650059D146 /* Build configuration list for PBXProject "UnsplashSearchClient" */;
			compatibilityVersion = "Xcode 14.0";
			developmentRegion = en;
			hasScannedForEncodings = 0;
			knownRegions = (
				en,
				Base,
			);
			mainGroup = EB0B1FC52C8C71640059D146;
			productRefGroup = EB0B1FCF2C8C71650059D146 /* Products */;
			projectDirPath = "";
			projectRoot = "";
			targets = (
				EB0B1FCD2C8C71650059D146 /* UnsplashSearchClient */,
			);
		};
/* End PBXProject section */

/* Begin PBXResourcesBuildPhase section */
		EB0B1FCC2C8C71650059D146 /* Resources */ = {
			isa = PBXResourcesBuildPhase;
			buildActionMask = 2147483647;
			files = (
				EB0B1FDB2C8C71660059D146 /* Assets.xcassets in Resources */,
				EB0B1FDE2C8C71660059D146 /* Base in Resources */,
			);
			runOnlyForDeploymentPostprocessing = 0;
		};
/* End PBXResourcesBuildPhase section */

/* Begin PBXSourcesBuildPhase section */
		EB0B1FCA2C8C71650059D146 /* Sources */ = {
			isa = PBXSourcesBuildPhase;
			buildActionMask = 2147483647;
			files = (
				EB7329C52C9070DA00767A9F /* ImageEntity+CoreDataClass.swift in Sources */,
				EB7329C62C9070DA00767A9F /* ImageEntity+CoreDataProperties.swift in Sources */,
				EB0B20342C8C99700059D146 /* ImageSearchRouter.swift in Sources */,
				EB0B20142C8C77C60059D146 /* ImageSearchAssembly.swift in Sources */,
				EB7329A42C903B5B00767A9F /* ImageDetailsAssembly.swift in Sources */,
				EB0B1FD22C8C71650059D146 /* AppDelegate.swift in Sources */,
				EB0B201A2C8C79100059D146 /* ImageSearchView.swift in Sources */,
				EB7329D92C90B46E00767A9F /* ImageDetailsViewModel.swift in Sources */,
				EB7329CC2C908E0D00767A9F /* ImagesGalleryViewController.swift in Sources */,
				EB0B202B2C8C92E00059D146 /* CommonError.swift in Sources */,
				EB0B202E2C8C95720059D146 /* ImageSearchInteractor.swift in Sources */,
				EB0B20302C8C958F0059D146 /* ImageSearchPresenter.swift in Sources */,
				EBAEF0B92C918A0E00D51F3B /* SectionHeader.swift in Sources */,
				EB7329A62C903B9800767A9F /* ImageDeatilsView.swift in Sources */,
				EB0B20232C8C817B0059D146 /* NetworkService.swift in Sources */,
				EB0B20242C8C817B0059D146 /* DownloadService.swift in Sources */,
				EB0B20322C8C95B80059D146 /* SearchResultImageDTO.swift in Sources */,
				EB0B20162C8C77F20059D146 /* ImageSearchViewController.swift in Sources */,
				EBAEF0BC2C91D9F700D51F3B /* Date+Formatter.swift in Sources */,
				EB7329A82C903BA300767A9F /* ImageDeatilsViewController.swift in Sources */,
				EB7329B22C906BEC00767A9F /* CoreDataService.swift in Sources */,
				EB7329D02C908E9300767A9F /* ImagesGalleryCell.swift in Sources */,
				EB0B20222C8C817B0059D146 /* APIResponse.swift in Sources */,
				EB7329D42C90904C00767A9F /* ImagesGalleryPresenter.swift in Sources */,
				EB0B1FD42C8C71650059D146 /* SceneDelegate.swift in Sources */,
				EB0B202A2C8C92E00059D146 /* NetworkError.swift in Sources */,
				EB7329BC2C906E7A00767A9F /* UnsplashSearchClient.xcdatamodeld in Sources */,
				EB0B202C2C8C92E00059D146 /* Notifier.swift in Sources */,
				EB7329CE2C908E6F00767A9F /* ImagesGalleryView.swift in Sources */,
				EB7329CA2C908DB500767A9F /* ImageGalleryAssembly.swift in Sources */,
				EB7329D62C90907A00767A9F /* ImagesGalleryRouter.swift in Sources */,
				EB7329C82C907F6E00767A9F /* GalleryImageViewModel.swift in Sources */,
				EB0B20182C8C79000059D146 /* SearchResultCell.swift in Sources */,
				EB0B20252C8C817B0059D146 /* DownloadItem.swift in Sources */,
				EB7329D22C90902D00767A9F /* ImagesGalleryInteractor.swift in Sources */,
			);
			runOnlyForDeploymentPostprocessing = 0;
		};
/* End PBXSourcesBuildPhase section */

/* Begin PBXVariantGroup section */
		EB0B1FDC2C8C71660059D146 /* LaunchScreen.storyboard */ = {
			isa = PBXVariantGroup;
			children = (
				EB0B1FDD2C8C71660059D146 /* Base */,
			);
			name = LaunchScreen.storyboard;
			sourceTree = "<group>";
		};
/* End PBXVariantGroup section */

/* Begin XCBuildConfiguration section */
		EB0B1FF62C8C71660059D146 /* Debug */ = {
			isa = XCBuildConfiguration;
			buildSettings = {
				ALWAYS_SEARCH_USER_PATHS = NO;
				ASSETCATALOG_COMPILER_GENERATE_SWIFT_ASSET_SYMBOL_EXTENSIONS = YES;
				CLANG_ANALYZER_NONNULL = YES;
				CLANG_ANALYZER_NUMBER_OBJECT_CONVERSION = YES_AGGRESSIVE;
				CLANG_CXX_LANGUAGE_STANDARD = "gnu++20";
				CLANG_ENABLE_MODULES = YES;
				CLANG_ENABLE_OBJC_ARC = YES;
				CLANG_ENABLE_OBJC_WEAK = YES;
				CLANG_WARN_BLOCK_CAPTURE_AUTORELEASING = YES;
				CLANG_WARN_BOOL_CONVERSION = YES;
				CLANG_WARN_COMMA = YES;
				CLANG_WARN_CONSTANT_CONVERSION = YES;
				CLANG_WARN_DEPRECATED_OBJC_IMPLEMENTATIONS = YES;
				CLANG_WARN_DIRECT_OBJC_ISA_USAGE = YES_ERROR;
				CLANG_WARN_DOCUMENTATION_COMMENTS = YES;
				CLANG_WARN_EMPTY_BODY = YES;
				CLANG_WARN_ENUM_CONVERSION = YES;
				CLANG_WARN_INFINITE_RECURSION = YES;
				CLANG_WARN_INT_CONVERSION = YES;
				CLANG_WARN_NON_LITERAL_NULL_CONVERSION = YES;
				CLANG_WARN_OBJC_IMPLICIT_RETAIN_SELF = YES;
				CLANG_WARN_OBJC_LITERAL_CONVERSION = YES;
				CLANG_WARN_OBJC_ROOT_CLASS = YES_ERROR;
				CLANG_WARN_QUOTED_INCLUDE_IN_FRAMEWORK_HEADER = YES;
				CLANG_WARN_RANGE_LOOP_ANALYSIS = YES;
				CLANG_WARN_STRICT_PROTOTYPES = YES;
				CLANG_WARN_SUSPICIOUS_MOVE = YES;
				CLANG_WARN_UNGUARDED_AVAILABILITY = YES_AGGRESSIVE;
				CLANG_WARN_UNREACHABLE_CODE = YES;
				CLANG_WARN__DUPLICATE_METHOD_MATCH = YES;
				COPY_PHASE_STRIP = NO;
				DEBUG_INFORMATION_FORMAT = dwarf;
				ENABLE_STRICT_OBJC_MSGSEND = YES;
				ENABLE_TESTABILITY = YES;
				ENABLE_USER_SCRIPT_SANDBOXING = YES;
				GCC_C_LANGUAGE_STANDARD = gnu17;
				GCC_DYNAMIC_NO_PIC = NO;
				GCC_NO_COMMON_BLOCKS = YES;
				GCC_OPTIMIZATION_LEVEL = 0;
				GCC_PREPROCESSOR_DEFINITIONS = (
					"DEBUG=1",
					"$(inherited)",
				);
				GCC_WARN_64_TO_32_BIT_CONVERSION = YES;
				GCC_WARN_ABOUT_RETURN_TYPE = YES_ERROR;
				GCC_WARN_UNDECLARED_SELECTOR = YES;
				GCC_WARN_UNINITIALIZED_AUTOS = YES_AGGRESSIVE;
				GCC_WARN_UNUSED_FUNCTION = YES;
				GCC_WARN_UNUSED_VARIABLE = YES;
				INFOPLIST_KEY_NSMainStoryboardFile = "";
				IPHONEOS_DEPLOYMENT_TARGET = 16.0;
				LOCALIZATION_PREFERS_STRING_CATALOGS = YES;
				MTL_ENABLE_DEBUG_INFO = INCLUDE_SOURCE;
				MTL_FAST_MATH = YES;
				ONLY_ACTIVE_ARCH = YES;
				SDKROOT = iphoneos;
				SWIFT_ACTIVE_COMPILATION_CONDITIONS = "DEBUG $(inherited)";
				SWIFT_OPTIMIZATION_LEVEL = "-Onone";
			};
			name = Debug;
		};
		EB0B1FF72C8C71660059D146 /* Release */ = {
			isa = XCBuildConfiguration;
			buildSettings = {
				ALWAYS_SEARCH_USER_PATHS = NO;
				ASSETCATALOG_COMPILER_GENERATE_SWIFT_ASSET_SYMBOL_EXTENSIONS = YES;
				CLANG_ANALYZER_NONNULL = YES;
				CLANG_ANALYZER_NUMBER_OBJECT_CONVERSION = YES_AGGRESSIVE;
				CLANG_CXX_LANGUAGE_STANDARD = "gnu++20";
				CLANG_ENABLE_MODULES = YES;
				CLANG_ENABLE_OBJC_ARC = YES;
				CLANG_ENABLE_OBJC_WEAK = YES;
				CLANG_WARN_BLOCK_CAPTURE_AUTORELEASING = YES;
				CLANG_WARN_BOOL_CONVERSION = YES;
				CLANG_WARN_COMMA = YES;
				CLANG_WARN_CONSTANT_CONVERSION = YES;
				CLANG_WARN_DEPRECATED_OBJC_IMPLEMENTATIONS = YES;
				CLANG_WARN_DIRECT_OBJC_ISA_USAGE = YES_ERROR;
				CLANG_WARN_DOCUMENTATION_COMMENTS = YES;
				CLANG_WARN_EMPTY_BODY = YES;
				CLANG_WARN_ENUM_CONVERSION = YES;
				CLANG_WARN_INFINITE_RECURSION = YES;
				CLANG_WARN_INT_CONVERSION = YES;
				CLANG_WARN_NON_LITERAL_NULL_CONVERSION = YES;
				CLANG_WARN_OBJC_IMPLICIT_RETAIN_SELF = YES;
				CLANG_WARN_OBJC_LITERAL_CONVERSION = YES;
				CLANG_WARN_OBJC_ROOT_CLASS = YES_ERROR;
				CLANG_WARN_QUOTED_INCLUDE_IN_FRAMEWORK_HEADER = YES;
				CLANG_WARN_RANGE_LOOP_ANALYSIS = YES;
				CLANG_WARN_STRICT_PROTOTYPES = YES;
				CLANG_WARN_SUSPICIOUS_MOVE = YES;
				CLANG_WARN_UNGUARDED_AVAILABILITY = YES_AGGRESSIVE;
				CLANG_WARN_UNREACHABLE_CODE = YES;
				CLANG_WARN__DUPLICATE_METHOD_MATCH = YES;
				COPY_PHASE_STRIP = NO;
				DEBUG_INFORMATION_FORMAT = "dwarf-with-dsym";
				ENABLE_NS_ASSERTIONS = NO;
				ENABLE_STRICT_OBJC_MSGSEND = YES;
				ENABLE_USER_SCRIPT_SANDBOXING = YES;
				GCC_C_LANGUAGE_STANDARD = gnu17;
				GCC_NO_COMMON_BLOCKS = YES;
				GCC_WARN_64_TO_32_BIT_CONVERSION = YES;
				GCC_WARN_ABOUT_RETURN_TYPE = YES_ERROR;
				GCC_WARN_UNDECLARED_SELECTOR = YES;
				GCC_WARN_UNINITIALIZED_AUTOS = YES_AGGRESSIVE;
				GCC_WARN_UNUSED_FUNCTION = YES;
				GCC_WARN_UNUSED_VARIABLE = YES;
				INFOPLIST_KEY_NSMainStoryboardFile = "";
				IPHONEOS_DEPLOYMENT_TARGET = 16.0;
				LOCALIZATION_PREFERS_STRING_CATALOGS = YES;
				MTL_ENABLE_DEBUG_INFO = NO;
				MTL_FAST_MATH = YES;
				SDKROOT = iphoneos;
				SWIFT_COMPILATION_MODE = wholemodule;
				VALIDATE_PRODUCT = YES;
			};
			name = Release;
		};
		EB0B1FF92C8C71660059D146 /* Debug */ = {
			isa = XCBuildConfiguration;
			buildSettings = {
				ASSETCATALOG_COMPILER_APPICON_NAME = AppIcon;
				ASSETCATALOG_COMPILER_GLOBAL_ACCENT_COLOR_NAME = AccentColor;
				CODE_SIGN_IDENTITY = "Apple Development";
				CODE_SIGN_STYLE = Automatic;
				CURRENT_PROJECT_VERSION = 1;
				DEVELOPMENT_TEAM = SKC6L8KZ5R;
				GENERATE_INFOPLIST_FILE = YES;
				INFOPLIST_FILE = UnsplashSearchClient/Info.plist;
				INFOPLIST_KEY_UIApplicationSupportsIndirectInputEvents = YES;
				INFOPLIST_KEY_UILaunchStoryboardName = LaunchScreen;
				INFOPLIST_KEY_UISupportedInterfaceOrientations_iPad = "UIInterfaceOrientationPortrait UIInterfaceOrientationPortraitUpsideDown UIInterfaceOrientationLandscapeLeft UIInterfaceOrientationLandscapeRight";
				INFOPLIST_KEY_UISupportedInterfaceOrientations_iPhone = "UIInterfaceOrientationPortrait UIInterfaceOrientationLandscapeLeft UIInterfaceOrientationLandscapeRight";
				LD_RUNPATH_SEARCH_PATHS = (
					"$(inherited)",
					"@executable_path/Frameworks",
				);
				MARKETING_VERSION = 1.0;
				PRODUCT_BUNDLE_IDENTIFIER = AnnaVertikova.UnsplashSearchClient;
				PRODUCT_NAME = "$(TARGET_NAME)";
				PROVISIONING_PROFILE_SPECIFIER = "";
				SWIFT_EMIT_LOC_STRINGS = YES;
				SWIFT_VERSION = 5.0;
				TARGETED_DEVICE_FAMILY = "1,2";
			};
			name = Debug;
		};
		EB0B1FFA2C8C71660059D146 /* Release */ = {
			isa = XCBuildConfiguration;
			buildSettings = {
				ASSETCATALOG_COMPILER_APPICON_NAME = AppIcon;
				ASSETCATALOG_COMPILER_GLOBAL_ACCENT_COLOR_NAME = AccentColor;
				CODE_SIGN_IDENTITY = "Apple Development";
				CODE_SIGN_STYLE = Automatic;
				CURRENT_PROJECT_VERSION = 1;
				DEVELOPMENT_TEAM = SKC6L8KZ5R;
				GENERATE_INFOPLIST_FILE = YES;
				INFOPLIST_FILE = UnsplashSearchClient/Info.plist;
				INFOPLIST_KEY_UIApplicationSupportsIndirectInputEvents = YES;
				INFOPLIST_KEY_UILaunchStoryboardName = LaunchScreen;
				INFOPLIST_KEY_UISupportedInterfaceOrientations_iPad = "UIInterfaceOrientationPortrait UIInterfaceOrientationPortraitUpsideDown UIInterfaceOrientationLandscapeLeft UIInterfaceOrientationLandscapeRight";
				INFOPLIST_KEY_UISupportedInterfaceOrientations_iPhone = "UIInterfaceOrientationPortrait UIInterfaceOrientationLandscapeLeft UIInterfaceOrientationLandscapeRight";
				LD_RUNPATH_SEARCH_PATHS = (
					"$(inherited)",
					"@executable_path/Frameworks",
				);
				MARKETING_VERSION = 1.0;
				PRODUCT_BUNDLE_IDENTIFIER = AnnaVertikova.UnsplashSearchClient;
				PRODUCT_NAME = "$(TARGET_NAME)";
				PROVISIONING_PROFILE_SPECIFIER = "";
				SWIFT_EMIT_LOC_STRINGS = YES;
				SWIFT_VERSION = 5.0;
				TARGETED_DEVICE_FAMILY = "1,2";
			};
			name = Release;
		};
/* End XCBuildConfiguration section */

/* Begin XCConfigurationList section */
		EB0B1FC92C8C71650059D146 /* Build configuration list for PBXProject "UnsplashSearchClient" */ = {
			isa = XCConfigurationList;
			buildConfigurations = (
				EB0B1FF62C8C71660059D146 /* Debug */,
				EB0B1FF72C8C71660059D146 /* Release */,
			);
			defaultConfigurationIsVisible = 0;
			defaultConfigurationName = Release;
		};
		EB0B1FF82C8C71660059D146 /* Build configuration list for PBXNativeTarget "UnsplashSearchClient" */ = {
			isa = XCConfigurationList;
			buildConfigurations = (
				EB0B1FF92C8C71660059D146 /* Debug */,
				EB0B1FFA2C8C71660059D146 /* Release */,
			);
			defaultConfigurationIsVisible = 0;
			defaultConfigurationName = Release;
		};
/* End XCConfigurationList section */

/* Begin XCVersionGroup section */
		EB7329BA2C906E7A00767A9F /* UnsplashSearchClient.xcdatamodeld */ = {
			isa = XCVersionGroup;
			children = (
				EB7329BB2C906E7A00767A9F /* UnsplashSearchClient.xcdatamodel */,
			);
			currentVersion = EB7329BB2C906E7A00767A9F /* UnsplashSearchClient.xcdatamodel */;
			name = UnsplashSearchClient.xcdatamodeld;
			path = "/Users/annavertikova/PROJECTS/!AVITO/UnsplashSearchClient/UnsplashSearchClient/UnsplashSearchClient/Storage/UnsplashSearchClient.xcdatamodeld";
			sourceTree = "<group>";
			versionGroupType = wrapper.xcdatamodel;
		};
/* End XCVersionGroup section */
	};
	rootObject = EB0B1FC62C8C71640059D146 /* Project object */;
}
